
Microsoft Visual Studio Solution File, Format Version 12.00
# Visual Studio Version 16
VisualStudioVersion = 16.0.31112.23
MinimumVisualStudioVersion = 10.0.40219.1
Project("{9A19103F-16F7-4668-BE54-9A1E7A4F7556}") = "TextAnalyzer", "TextAnalyzer\TextAnalyzer.csproj", "{623D4ACD-4A52-4DF8-AF86-D1AACAAF4A4B}"
EndProject
Project("{FAE04EC0-301F-11D3-BF4B-00C04F79EFBC}") = "TextAnalyzer.Tests", "TextAnalyzer.Tests\TextAnalyzer.Tests.csproj", "{0BD9E3C7-749A-449B-950A-C11F0B5A46BB}"
EndProject
Global
	GlobalSection(SolutionConfigurationPlatforms) = preSolution
		Debug|Any CPU = Debug|Any CPU
		Release|Any CPU = Release|Any CPU
	EndGlobalSection
	GlobalSection(ProjectConfigurationPlatforms) = postSolution
		{623D4ACD-4A52-4DF8-AF86-D1AACAAF4A4B}.Debug|Any CPU.ActiveCfg = Debug|Any CPU
		{623D4ACD-4A52-4DF8-AF86-D1AACAAF4A4B}.Debug|Any CPU.Build.0 = Debug|Any CPU
		{623D4ACD-4A52-4DF8-AF86-D1AACAAF4A4B}.Release|Any CPU.ActiveCfg = Release|Any CPU
		{623D4ACD-4A52-4DF8-AF86-D1AACAAF4A4B}.Release|Any CPU.Build.0 = Release|Any CPU
		{0BD9E3C7-749A-449B-950A-C11F0B5A46BB}.Debug|Any CPU.ActiveCfg = Debug|Any CPU
		{0BD9E3C7-749A-449B-950A-C11F0B5A46BB}.Debug|Any CPU.Build.0 = Debug|Any CPU
		{0BD9E3C7-749A-449B-950A-C11F0B5A46BB}.Release|Any CPU.ActiveCfg = Release|Any CPU
		{0BD9E3C7-749A-449B-950A-C11F0B5A46BB}.Release|Any CPU.Build.0 = Release|Any CPU
	EndGlobalSection
	GlobalSection(SolutionProperties) = preSolution
		HideSolutionNode = FALSE
	EndGlobalSection
	GlobalSection(ExtensibilityGlobals) = postSolution
		SolutionGuid = {2AD5FA9E-CF15-458D-85A2-69E7B0778663}
	EndGlobalSection
EndGlobal
